
Microsoft Visual Studio Solution File, Format Version 12.00
# Visual Studio Version 17
VisualStudioVersion = 17.14.37411.7
MinimumVisualStudioVersion = 10.0.40219.1
Project("{2150E333-8FDC-42A3-9474-1A3956D46DE8}") = "Solution Items", "Solution Items", "{8EC462FD-D22E-90A8-E5CE-7E832BA40C5D}"
	ProjectSection(SolutionItems) = preProject
		INSTRUCTION.md = INSTRUCTION.md
	EndProjectSection
EndProject
Project("{2150E333-8FDC-42A3-9474-1A3956D46DE8}") = "src", "src", "{827E0CD3-B72D-47B6-A68D-7590B98EB39B}"
EndProject
Project("{FAE04EC0-301F-11D3-BF4B-00C04F79EFBC}") = "Uninstra.Core", "src\Uninstra.Core\Uninstra.Core.csproj", "{18A1BEC0-51DD-4A75-A989-BAE80A826879}"
EndProject
Project("{FAE04EC0-301F-11D3-BF4B-00C04F79EFBC}") = "Uninstra.Application", "src\Uninstra.Application\Uninstra.Application.csproj", "{EE93EA22-DD00-44FA-80B0-5118D8727E21}"
EndProject
Project("{FAE04EC0-301F-11D3-BF4B-00C04F79EFBC}") = "Uninstra.Windows", "src\Uninstra.Windows\Uninstra.Windows.csproj", "{E3115FF9-EFC8-453B-89D0-B2ABDB851143}"
EndProject
Project("{FAE04EC0-301F-11D3-BF4B-00C04F79EFBC}") = "Uninstra.Infrastructure", "src\Uninstra.Infrastructure\Uninstra.Infrastructure.csproj", "{B3538862-4030-473A-944E-C4DD8AAEBD86}"
EndProject
Project("{FAE04EC0-301F-11D3-BF4B-00C04F79EFBC}") = "Uninstra.App", "src\Uninstra.App\Uninstra.App.csproj", "{C4668780-C626-44FE-AB02-90D8119D91B6}"
EndProject
Project("{FAE04EC0-301F-11D3-BF4B-00C04F79EFBC}") = "Uninstra.ElevatedHelper", "src\Uninstra.ElevatedHelper\Uninstra.ElevatedHelper.csproj", "{7FD78978-D5B0-4B9D-A5F0-CC0F3D1260EB}"
EndProject
Project("{2150E333-8FDC-42A3-9474-1A3956D46DE8}") = "tests", "tests", "{0AB3BF05-4346-4AA6-1389-037BE0695223}"
EndProject
Project("{FAE04EC0-301F-11D3-BF4B-00C04F79EFBC}") = "Uninstra.Core.Tests", "tests\Uninstra.Core.Tests\Uninstra.Core.Tests.csproj", "{2E92AA7C-25B6-433E-B8D3-9C4203DA76B7}"
EndProject
Project("{FAE04EC0-301F-11D3-BF4B-00C04F79EFBC}") = "Uninstra.Application.Tests", "tests\Uninstra.Application.Tests\Uninstra.Application.Tests.csproj", "{583B07EF-4F38-4494-98A6-3839B22D859E}"
EndProject
Project("{FAE04EC0-301F-11D3-BF4B-00C04F79EFBC}") = "Uninstra.Windows.Tests", "tests\Uninstra.Windows.Tests\Uninstra.Windows.Tests.csproj", "{DA2D300E-EB3B-45BD-9E26-C61EED254477}"
EndProject
Project("{FAE04EC0-301F-11D3-BF4B-00C04F79EFBC}") = "Uninstra.IntegrationTests", "tests\Uninstra.IntegrationTests\Uninstra.IntegrationTests.csproj", "{7ADE691E-69CF-43CF-926D-DABA0F6C3651}"
EndProject
Project("{2150E333-8FDC-42A3-9474-1A3956D46DE8}") = "tools", "tools", "{07C2787E-EAC7-C090-1BA3-A61EC2A24D84}"
EndProject
Project("{FAE04EC0-301F-11D3-BF4B-00C04F79EFBC}") = "Uninstra.DummyApp", "tools\Uninstra.DummyApp\Uninstra.DummyApp.csproj", "{1F6CD822-C2A9-425F-B29A-8E0E8B29EFF1}"
EndProject
Project("{FAE04EC0-301F-11D3-BF4B-00C04F79EFBC}") = "Uninstra.DummyInstaller", "tools\Uninstra.DummyInstaller\Uninstra.DummyInstaller.csproj", "{88984606-63C0-4CB8-B644-B39519FDC23B}"
EndProject
Project("{2150E333-8FDC-42A3-9474-1A3956D46DE8}") = "Assets", "Assets", "{02EA681E-C7D8-13C7-8484-4AC65E1B71E8}"
	ProjectSection(SolutionItems) = preProject
		..\..\..\..\..\Downloads\uninstra.ico = ..\..\..\..\..\Downloads\uninstra.ico
	EndProjectSection
EndProject
Global
	GlobalSection(SolutionConfigurationPlatforms) = preSolution
		Debug|Any CPU = Debug|Any CPU
		Debug|x64 = Debug|x64
		Debug|x86 = Debug|x86
		Release|Any CPU = Release|Any CPU
		Release|x64 = Release|x64
		Release|x86 = Release|x86
	EndGlobalSection
	GlobalSection(ProjectConfigurationPlatforms) = postSolution
		{18A1BEC0-51DD-4A75-A989-BAE80A826879}.Debug|Any CPU.ActiveCfg = Debug|Any CPU
		{18A1BEC0-51DD-4A75-A989-BAE80A826879}.Debug|Any CPU.Build.0 = Debug|Any CPU
		{18A1BEC0-51DD-4A75-A989-BAE80A826879}.Debug|x64.ActiveCfg = Debug|Any CPU
		{18A1BEC0-51DD-4A75-A989-BAE80A826879}.Debug|x64.Build.0 = Debug|Any CPU
		{18A1BEC0-51DD-4A75-A989-BAE80A826879}.Debug|x86.ActiveCfg = Debug|Any CPU
		{18A1BEC0-51DD-4A75-A989-BAE80A826879}.Debug|x86.Build.0 = Debug|Any CPU
		{18A1BEC0-51DD-4A75-A989-BAE80A826879}.Release|Any CPU.ActiveCfg = Release|Any CPU
		{18A1BEC0-51DD-4A75-A989-BAE80A826879}.Release|Any CPU.Build.0 = Release|Any CPU
		{18A1BEC0-51DD-4A75-A989-BAE80A826879}.Release|x64.ActiveCfg = Release|Any CPU
		{18A1BEC0-51DD-4A75-A989-BAE80A826879}.Release|x64.Build.0 = Release|Any CPU
		{18A1BEC0-51DD-4A75-A989-BAE80A826879}.Release|x86.ActiveCfg = Release|Any CPU
		{18A1BEC0-51DD-4A75-A989-BAE80A826879}.Release|x86.Build.0 = Release|Any CPU
		{EE93EA22-DD00-44FA-80B0-5118D8727E21}.Debug|Any CPU.ActiveCfg = Debug|Any CPU
		{EE93EA22-DD00-44FA-80B0-5118D8727E21}.Debug|Any CPU.Build.0 = Debug|Any CPU
		{EE93EA22-DD00-44FA-80B0-5118D8727E21}.Debug|x64.ActiveCfg = Debug|Any CPU
		{EE93EA22-DD00-44FA-80B0-5118D8727E21}.Debug|x64.Build.0 = Debug|Any CPU
		{EE93EA22-DD00-44FA-80B0-5118D8727E21}.Debug|x86.ActiveCfg = Debug|Any CPU
		{EE93EA22-DD00-44FA-80B0-5118D8727E21}.Debug|x86.Build.0 = Debug|Any CPU
		{EE93EA22-DD00-44FA-80B0-5118D8727E21}.Release|Any CPU.ActiveCfg = Release|Any CPU
		{EE93EA22-DD00-44FA-80B0-5118D8727E21}.Release|Any CPU.Build.0 = Release|Any CPU
		{EE93EA22-DD00-44FA-80B0-5118D8727E21}.Release|x64.ActiveCfg = Release|Any CPU
		{EE93EA22-DD00-44FA-80B0-5118D8727E21}.Release|x64.Build.0 = Release|Any CPU
		{EE93EA22-DD00-44FA-80B0-5118D8727E21}.Release|x86.ActiveCfg = Release|Any CPU
		{EE93EA22-DD00-44FA-80B0-5118D8727E21}.Release|x86.Build.0 = Release|Any CPU
		{E3115FF9-EFC8-453B-89D0-B2ABDB851143}.Debug|Any CPU.ActiveCfg = Debug|Any CPU
		{E3115FF9-EFC8-453B-89D0-B2ABDB851143}.Debug|Any CPU.Build.0 = Debug|Any CPU
		{E3115FF9-EFC8-453B-89D0-B2ABDB851143}.Debug|x64.ActiveCfg = Debug|Any CPU
		{E3115FF9-EFC8-453B-89D0-B2ABDB851143}.Debug|x64.Build.0 = Debug|Any CPU
		{E3115FF9-EFC8-453B-89D0-B2ABDB851143}.Debug|x86.ActiveCfg = Debug|Any CPU
		{E3115FF9-EFC8-453B-89D0-B2ABDB851143}.Debug|x86.Build.0 = Debug|Any CPU
		{E3115FF9-EFC8-453B-89D0-B2ABDB851143}.Release|Any CPU.ActiveCfg = Release|Any CPU
		{E3115FF9-EFC8-453B-89D0-B2ABDB851143}.Release|Any CPU.Build.0 = Release|Any CPU
		{E3115FF9-EFC8-453B-89D0-B2ABDB851143}.Release|x64.ActiveCfg = Release|Any CPU
		{E3115FF9-EFC8-453B-89D0-B2ABDB851143}.Release|x64.Build.0 = Release|Any CPU
		{E3115FF9-EFC8-453B-89D0-B2ABDB851143}.Release|x86.ActiveCfg = Release|Any CPU
		{E3115FF9-EFC8-453B-89D0-B2ABDB851143}.Release|x86.Build.0 = Release|Any CPU
		{B3538862-4030-473A-944E-C4DD8AAEBD86}.Debug|Any CPU.ActiveCfg = Debug|Any CPU
		{B3538862-4030-473A-944E-C4DD8AAEBD86}.Debug|Any CPU.Build.0 = Debug|Any CPU
		{B3538862-4030-473A-944E-C4DD8AAEBD86}.Debug|x64.ActiveCfg = Debug|Any CPU
		{B3538862-4030-473A-944E-C4DD8AAEBD86}.Debug|x64.Build.0 = Debug|Any CPU
		{B3538862-4030-473A-944E-C4DD8AAEBD86}.Debug|x86.ActiveCfg = Debug|Any CPU
		{B3538862-4030-473A-944E-C4DD8AAEBD86}.Debug|x86.Build.0 = Debug|Any CPU
		{B3538862-4030-473A-944E-C4DD8AAEBD86}.Release|Any CPU.ActiveCfg = Release|Any CPU
		{B3538862-4030-473A-944E-C4DD8AAEBD86}.Release|Any CPU.Build.0 = Release|Any CPU
		{B3538862-4030-473A-944E-C4DD8AAEBD86}.Release|x64.ActiveCfg = Release|Any CPU
		{B3538862-4030-473A-944E-C4DD8AAEBD86}.Release|x64.Build.0 = Release|Any CPU
		{B3538862-4030-473A-944E-C4DD8AAEBD86}.Release|x86.ActiveCfg = Release|Any CPU
		{B3538862-4030-473A-944E-C4DD8AAEBD86}.Release|x86.Build.0 = Release|Any CPU
		{C4668780-C626-44FE-AB02-90D8119D91B6}.Debug|Any CPU.ActiveCfg = Debug|Any CPU
		{C4668780-C626-44FE-AB02-90D8119D91B6}.Debug|Any CPU.Build.0 = Debug|Any CPU
		{C4668780-C626-44FE-AB02-90D8119D91B6}.Debug|x64.ActiveCfg = Debug|Any CPU
		{C4668780-C626-44FE-AB02-90D8119D91B6}.Debug|x64.Build.0 = Debug|Any CPU
		{C4668780-C626-44FE-AB02-90D8119D91B6}.Debug|x86.ActiveCfg = Debug|Any CPU
		{C4668780-C626-44FE-AB02-90D8119D91B6}.Debug|x86.Build.0 = Debug|Any CPU
		{C4668780-C626-44FE-AB02-90D8119D91B6}.Release|Any CPU.ActiveCfg = Release|Any CPU
		{C4668780-C626-44FE-AB02-90D8119D91B6}.Release|Any CPU.Build.0 = Release|Any CPU
		{C4668780-C626-44FE-AB02-90D8119D91B6}.Release|x64.ActiveCfg = Release|Any CPU
		{C4668780-C626-44FE-AB02-90D8119D91B6}.Release|x64.Build.0 = Release|Any CPU
		{C4668780-C626-44FE-AB02-90D8119D91B6}.Release|x86.ActiveCfg = Release|Any CPU
		{C4668780-C626-44FE-AB02-90D8119D91B6}.Release|x86.Build.0 = Release|Any CPU
		{7FD78978-D5B0-4B9D-A5F0-CC0F3D1260EB}.Debug|Any CPU.ActiveCfg = Debug|Any CPU
		{7FD78978-D5B0-4B9D-A5F0-CC0F3D1260EB}.Debug|Any CPU.Build.0 = Debug|Any CPU
		{7FD78978-D5B0-4B9D-A5F0-CC0F3D1260EB}.Debug|x64.ActiveCfg = Debug|Any CPU
		{7FD78978-D5B0-4B9D-A5F0-CC0F3D1260EB}.Debug|x64.Build.0 = Debug|Any CPU
		{7FD78978-D5B0-4B9D-A5F0-CC0F3D1260EB}.Debug|x86.ActiveCfg = Debug|Any CPU
		{7FD78978-D5B0-4B9D-A5F0-CC0F3D1260EB}.Debug|x86.Build.0 = Debug|Any CPU
		{7FD78978-D5B0-4B9D-A5F0-CC0F3D1260EB}.Release|Any CPU.ActiveCfg = Release|Any CPU
		{7FD78978-D5B0-4B9D-A5F0-CC0F3D1260EB}.Release|Any CPU.Build.0 = Release|Any CPU
		{7FD78978-D5B0-4B9D-A5F0-CC0F3D1260EB}.Release|x64.ActiveCfg = Release|Any CPU
		{7FD78978-D5B0-4B9D-A5F0-CC0F3D1260EB}.Release|x64.Build.0 = Release|Any CPU
		{7FD78978-D5B0-4B9D-A5F0-CC0F3D1260EB}.Release|x86.ActiveCfg = Release|Any CPU
		{7FD78978-D5B0-4B9D-A5F0-CC0F3D1260EB}.Release|x86.Build.0 = Release|Any CPU
		{2E92AA7C-25B6-433E-B8D3-9C4203DA76B7}.Debug|Any CPU.ActiveCfg = Debug|Any CPU
		{2E92AA7C-25B6-433E-B8D3-9C4203DA76B7}.Debug|Any CPU.Build.0 = Debug|Any CPU
		{2E92AA7C-25B6-433E-B8D3-9C4203DA76B7}.Debug|x64.ActiveCfg = Debug|Any CPU
		{2E92AA7C-25B6-433E-B8D3-9C4203DA76B7}.Debug|x64.Build.0 = Debug|Any CPU
		{2E92AA7C-25B6-433E-B8D3-9C4203DA76B7}.Debug|x86.ActiveCfg = Debug|Any CPU
		{2E92AA7C-25B6-433E-B8D3-9C4203DA76B7}.Debug|x86.Build.0 = Debug|Any CPU
		{2E92AA7C-25B6-433E-B8D3-9C4203DA76B7}.Release|Any CPU.ActiveCfg = Release|Any CPU
		{2E92AA7C-25B6-433E-B8D3-9C4203DA76B7}.Release|Any CPU.Build.0 = Release|Any CPU
		{2E92AA7C-25B6-433E-B8D3-9C4203DA76B7}.Release|x64.ActiveCfg = Release|Any CPU
		{2E92AA7C-25B6-433E-B8D3-9C4203DA76B7}.Release|x64.Build.0 = Release|Any CPU
		{2E92AA7C-25B6-433E-B8D3-9C4203DA76B7}.Release|x86.ActiveCfg = Release|Any CPU
		{2E92AA7C-25B6-433E-B8D3-9C4203DA76B7}.Release|x86.Build.0 = Release|Any CPU
		{583B07EF-4F38-4494-98A6-3839B22D859E}.Debug|Any CPU.ActiveCfg = Debug|Any CPU
		{583B07EF-4F38-4494-98A6-3839B22D859E}.Debug|Any CPU.Build.0 = Debug|Any CPU
		{583B07EF-4F38-4494-98A6-3839B22D859E}.Debug|x64.ActiveCfg = Debug|Any CPU
		{583B07EF-4F38-4494-98A6-3839B22D859E}.Debug|x64.Build.0 = Debug|Any CPU
		{583B07EF-4F38-4494-98A6-3839B22D859E}.Debug|x86.ActiveCfg = Debug|Any CPU
		{583B07EF-4F38-4494-98A6-3839B22D859E}.Debug|x86.Build.0 = Debug|Any CPU
		{583B07EF-4F38-4494-98A6-3839B22D859E}.Release|Any CPU.ActiveCfg = Release|Any CPU
		{583B07EF-4F38-4494-98A6-3839B22D859E}.Release|Any CPU.Build.0 = Release|Any CPU
		{583B07EF-4F38-4494-98A6-3839B22D859E}.Release|x64.ActiveCfg = Release|Any CPU
		{583B07EF-4F38-4494-98A6-3839B22D859E}.Release|x64.Build.0 = Release|Any CPU
		{583B07EF-4F38-4494-98A6-3839B22D859E}.Release|x86.ActiveCfg = Release|Any CPU
		{583B07EF-4F38-4494-98A6-3839B22D859E}.Release|x86.Build.0 = Release|Any CPU
		{DA2D300E-EB3B-45BD-9E26-C61EED254477}.Debug|Any CPU.ActiveCfg = Debug|Any CPU
		{DA2D300E-EB3B-45BD-9E26-C61EED254477}.Debug|Any CPU.Build.0 = Debug|Any CPU
		{DA2D300E-EB3B-45BD-9E26-C61EED254477}.Debug|x64.ActiveCfg = Debug|Any CPU
		{DA2D300E-EB3B-45BD-9E26-C61EED254477}.Debug|x64.Build.0 = Debug|Any CPU
		{DA2D300E-EB3B-45BD-9E26-C61EED254477}.Debug|x86.ActiveCfg = Debug|Any CPU
		{DA2D300E-EB3B-45BD-9E26-C61EED254477}.Debug|x86.Build.0 = Debug|Any CPU
		{DA2D300E-EB3B-45BD-9E26-C61EED254477}.Release|Any CPU.ActiveCfg = Release|Any CPU
		{DA2D300E-EB3B-45BD-9E26-C61EED254477}.Release|Any CPU.Build.0 = Release|Any CPU
		{DA2D300E-EB3B-45BD-9E26-C61EED254477}.Release|x64.ActiveCfg = Release|Any CPU
		{DA2D300E-EB3B-45BD-9E26-C61EED254477}.Release|x64.Build.0 = Release|Any CPU
		{DA2D300E-EB3B-45BD-9E26-C61EED254477}.Release|x86.ActiveCfg = Release|Any CPU
		{DA2D300E-EB3B-45BD-9E26-C61EED254477}.Release|x86.Build.0 = Release|Any CPU
		{7ADE691E-69CF-43CF-926D-DABA0F6C3651}.Debug|Any CPU.ActiveCfg = Debug|Any CPU
		{7ADE691E-69CF-43CF-926D-DABA0F6C3651}.Debug|Any CPU.Build.0 = Debug|Any CPU
		{7ADE691E-69CF-43CF-926D-DABA0F6C3651}.Debug|x64.ActiveCfg = Debug|Any CPU
		{7ADE691E-69CF-43CF-926D-DABA0F6C3651}.Debug|x64.Build.0 = Debug|Any CPU
		{7ADE691E-69CF-43CF-926D-DABA0F6C3651}.Debug|x86.ActiveCfg = Debug|Any CPU
		{7ADE691E-69CF-43CF-926D-DABA0F6C3651}.Debug|x86.Build.0 = Debug|Any CPU
		{7ADE691E-69CF-43CF-926D-DABA0F6C3651}.Release|Any CPU.ActiveCfg = Release|Any CPU
		{7ADE691E-69CF-43CF-926D-DABA0F6C3651}.Release|Any CPU.Build.0 = Release|Any CPU
		{7ADE691E-69CF-43CF-926D-DABA0F6C3651}.Release|x64.ActiveCfg = Release|Any CPU
		{7ADE691E-69CF-43CF-926D-DABA0F6C3651}.Release|x64.Build.0 = Release|Any CPU
		{7ADE691E-69CF-43CF-926D-DABA0F6C3651}.Release|x86.ActiveCfg = Release|Any CPU
		{7ADE691E-69CF-43CF-926D-DABA0F6C3651}.Release|x86.Build.0 = Release|Any CPU
		{1F6CD822-C2A9-425F-B29A-8E0E8B29EFF1}.Debug|Any CPU.ActiveCfg = Debug|Any CPU
		{1F6CD822-C2A9-425F-B29A-8E0E8B29EFF1}.Debug|Any CPU.Build.0 = Debug|Any CPU
		{1F6CD822-C2A9-425F-B29A-8E0E8B29EFF1}.Debug|x64.ActiveCfg = Debug|Any CPU
		{1F6CD822-C2A9-425F-B29A-8E0E8B29EFF1}.Debug|x64.Build.0 = Debug|Any CPU
		{1F6CD822-C2A9-425F-B29A-8E0E8B29EFF1}.Debug|x86.ActiveCfg = Debug|Any CPU
		{1F6CD822-C2A9-425F-B29A-8E0E8B29EFF1}.Debug|x86.Build.0 = Debug|Any CPU
		{1F6CD822-C2A9-425F-B29A-8E0E8B29EFF1}.Release|Any CPU.ActiveCfg = Release|Any CPU
		{1F6CD822-C2A9-425F-B29A-8E0E8B29EFF1}.Release|Any CPU.Build.0 = Release|Any CPU
		{1F6CD822-C2A9-425F-B29A-8E0E8B29EFF1}.Release|x64.ActiveCfg = Release|Any CPU
		{1F6CD822-C2A9-425F-B29A-8E0E8B29EFF1}.Release|x64.Build.0 = Release|Any CPU
		{1F6CD822-C2A9-425F-B29A-8E0E8B29EFF1}.Release|x86.ActiveCfg = Release|Any CPU
		{1F6CD822-C2A9-425F-B29A-8E0E8B29EFF1}.Release|x86.Build.0 = Release|Any CPU
		{88984606-63C0-4CB8-B644-B39519FDC23B}.Debug|Any CPU.ActiveCfg = Debug|Any CPU
		{88984606-63C0-4CB8-B644-B39519FDC23B}.Debug|Any CPU.Build.0 = Debug|Any CPU
		{88984606-63C0-4CB8-B644-B39519FDC23B}.Debug|x64.ActiveCfg = Debug|Any CPU
		{88984606-63C0-4CB8-B644-B39519FDC23B}.Debug|x64.Build.0 = Debug|Any CPU
		{88984606-63C0-4CB8-B644-B39519FDC23B}.Debug|x86.ActiveCfg = Debug|Any CPU
		{88984606-63C0-4CB8-B644-B39519FDC23B}.Debug|x86.Build.0 = Debug|Any CPU
		{88984606-63C0-4CB8-B644-B39519FDC23B}.Release|Any CPU.ActiveCfg = Release|Any CPU
		{88984606-63C0-4CB8-B644-B39519FDC23B}.Release|Any CPU.Build.0 = Release|Any CPU
		{88984606-63C0-4CB8-B644-B39519FDC23B}.Release|x64.ActiveCfg = Release|Any CPU
		{88984606-63C0-4CB8-B644-B39519FDC23B}.Release|x64.Build.0 = Release|Any CPU
		{88984606-63C0-4CB8-B644-B39519FDC23B}.Release|x86.ActiveCfg = Release|Any CPU
		{88984606-63C0-4CB8-B644-B39519FDC23B}.Release|x86.Build.0 = Release|Any CPU
	EndGlobalSection
	GlobalSection(SolutionProperties) = preSolution
		HideSolutionNode = FALSE
	EndGlobalSection
	GlobalSection(NestedProjects) = preSolution
		{18A1BEC0-51DD-4A75-A989-BAE80A826879} = {827E0CD3-B72D-47B6-A68D-7590B98EB39B}
		{EE93EA22-DD00-44FA-80B0-5118D8727E21} = {827E0CD3-B72D-47B6-A68D-7590B98EB39B}
		{E3115FF9-EFC8-453B-89D0-B2ABDB851143} = {827E0CD3-B72D-47B6-A68D-7590B98EB39B}
		{B3538862-4030-473A-944E-C4DD8AAEBD86} = {827E0CD3-B72D-47B6-A68D-7590B98EB39B}
		{C4668780-C626-44FE-AB02-90D8119D91B6} = {827E0CD3-B72D-47B6-A68D-7590B98EB39B}
		{7FD78978-D5B0-4B9D-A5F0-CC0F3D1260EB} = {827E0CD3-B72D-47B6-A68D-7590B98EB39B}
		{2E92AA7C-25B6-433E-B8D3-9C4203DA76B7} = {0AB3BF05-4346-4AA6-1389-037BE0695223}
		{583B07EF-4F38-4494-98A6-3839B22D859E} = {0AB3BF05-4346-4AA6-1389-037BE0695223}
		{DA2D300E-EB3B-45BD-9E26-C61EED254477} = {0AB3BF05-4346-4AA6-1389-037BE0695223}
		{7ADE691E-69CF-43CF-926D-DABA0F6C3651} = {0AB3BF05-4346-4AA6-1389-037BE0695223}
		{1F6CD822-C2A9-425F-B29A-8E0E8B29EFF1} = {07C2787E-EAC7-C090-1BA3-A61EC2A24D84}
		{88984606-63C0-4CB8-B644-B39519FDC23B} = {07C2787E-EAC7-C090-1BA3-A61EC2A24D84}
	EndGlobalSection
	GlobalSection(ExtensibilityGlobals) = postSolution
		SolutionGuid = {296F5789-DB56-4F1B-B09D-5185C90A429D}
	EndGlobalSection
EndGlobal
